
Microsoft Visual Studio Solution File, Format Version 12.00
# Visual Studio Version 16
VisualStudioVersion = 16.0.29806.167
MinimumVisualStudioVersion = 10.0.40219.1
Project("{9A19103F-16F7-4668-BE54-9A1E7A4F7556}") = "Voting.API", "Voting.API\Voting.API.csproj", "{E0E7D2AD-5100-4E8B-91F3-0909DB35D92B}"
EndProject
Project("{9A19103F-16F7-4668-BE54-9A1E7A4F7556}") = "Votin.Model", "Votin.Model\Votin.Model.csproj", "{6B3ADC11-096A-4DD2-8006-E472F8E3109B}"
EndProject
Project("{9A19103F-16F7-4668-BE54-9A1E7A4F7556}") = "Voting.Infrastructure", "Voting.Infrastructure\Voting.Infrastructure.csproj", "{9E55944C-285C-4EFC-B8EF-6E9527CA7E1B}"
EndProject
Project("{9A19103F-16F7-4668-BE54-9A1E7A4F7556}") = "Voting.WEB", "Voting.WEB\Voting.WEB.csproj", "{9F903434-1994-4AF8-B9FF-24B4CDFD4E7F}"
EndProject
Project("{9A19103F-16F7-4668-BE54-9A1E7A4F7556}") = "Chain.Admin", "Chain.Admin\Chain.Admin.csproj", "{587A6301-2072-4C5E-9A1C-B8B56AC800CC}"
EndProject
Project("{FAE04EC0-301F-11D3-BF4B-00C04F79EFBC}") = "Chain.Wallet", "Chain.Wallet\Chain.Wallet.csproj", "{A611BB8C-725A-4918-A021-F8D4A702C5C4}"
EndProject
Global
	GlobalSection(SolutionConfigurationPlatforms) = preSolution
		Debug|Any CPU = Debug|Any CPU
		Release|Any CPU = Release|Any CPU
	EndGlobalSection
	GlobalSection(ProjectConfigurationPlatforms) = postSolution
		{E0E7D2AD-5100-4E8B-91F3-0909DB35D92B}.Debug|Any CPU.ActiveCfg = Debug|Any CPU
		{E0E7D2AD-5100-4E8B-91F3-0909DB35D92B}.Debug|Any CPU.Build.0 = Debug|Any CPU
		{E0E7D2AD-5100-4E8B-91F3-0909DB35D92B}.Release|Any CPU.ActiveCfg = Release|Any CPU
		{E0E7D2AD-5100-4E8B-91F3-0909DB35D92B}.Release|Any CPU.Build.0 = Release|Any CPU
		{6B3ADC11-096A-4DD2-8006-E472F8E3109B}.Debug|Any CPU.ActiveCfg = Debug|Any CPU
		{6B3ADC11-096A-4DD2-8006-E472F8E3109B}.Debug|Any CPU.Build.0 = Debug|Any CPU
		{6B3ADC11-096A-4DD2-8006-E472F8E3109B}.Release|Any CPU.ActiveCfg = Release|Any CPU
		{6B3ADC11-096A-4DD2-8006-E472F8E3109B}.Release|Any CPU.Build.0 = Release|Any CPU
		{9E55944C-285C-4EFC-B8EF-6E9527CA7E1B}.Debug|Any CPU.ActiveCfg = Debug|Any CPU
		{9E55944C-285C-4EFC-B8EF-6E9527CA7E1B}.Debug|Any CPU.Build.0 = Debug|Any CPU
		{9E55944C-285C-4EFC-B8EF-6E9527CA7E1B}.Release|Any CPU.ActiveCfg = Release|Any CPU
		{9E55944C-285C-4EFC-B8EF-6E9527CA7E1B}.Release|Any CPU.Build.0 = Release|Any CPU
		{9F903434-1994-4AF8-B9FF-24B4CDFD4E7F}.Debug|Any CPU.ActiveCfg = Debug|Any CPU
		{9F903434-1994-4AF8-B9FF-24B4CDFD4E7F}.Debug|Any CPU.Build.0 = Debug|Any CPU
		{9F903434-1994-4AF8-B9FF-24B4CDFD4E7F}.Release|Any CPU.ActiveCfg = Release|Any CPU
		{9F903434-1994-4AF8-B9FF-24B4CDFD4E7F}.Release|Any CPU.Build.0 = Release|Any CPU
		{587A6301-2072-4C5E-9A1C-B8B56AC800CC}.Debug|Any CPU.ActiveCfg = Debug|Any CPU
		{587A6301-2072-4C5E-9A1C-B8B56AC800CC}.Debug|Any CPU.Build.0 = Debug|Any CPU
		{587A6301-2072-4C5E-9A1C-B8B56AC800CC}.Release|Any CPU.ActiveCfg = Release|Any CPU
		{587A6301-2072-4C5E-9A1C-B8B56AC800CC}.Release|Any CPU.Build.0 = Release|Any CPU
		{A611BB8C-725A-4918-A021-F8D4A702C5C4}.Debug|Any CPU.ActiveCfg = Debug|Any CPU
		{A611BB8C-725A-4918-A021-F8D4A702C5C4}.Debug|Any CPU.Build.0 = Debug|Any CPU
		{A611BB8C-725A-4918-A021-F8D4A702C5C4}.Release|Any CPU.ActiveCfg = Release|Any CPU
		{A611BB8C-725A-4918-A021-F8D4A702C5C4}.Release|Any CPU.Build.0 = Release|Any CPU
	EndGlobalSection
	GlobalSection(SolutionProperties) = preSolution
		HideSolutionNode = FALSE
	EndGlobalSection
	GlobalSection(ExtensibilityGlobals) = postSolution
		SolutionGuid = {46EF55B1-0D0A-4773-B9DF-59729DD4253C}
	EndGlobalSection
EndGlobal
